
Microsoft Visual Studio Solution File, Format Version 12.00
# Visual Studio Version 16
VisualStudioVersion = 16.0.29806.167
MinimumVisualStudioVersion = 10.0.40219.1
Project("{9A19103F-16F7-4668-BE54-9A1E7A4F7556}") = "CoreWebApi", "CoreWebApi\CoreWebApi.csproj", "{8A95A3A7-9C7D-4B01-8CD1-427AEC3DE09D}"
EndProject
Project("{9A19103F-16F7-4668-BE54-9A1E7A4F7556}") = "EntityFrameworkDemo", "EntityFrameworkDemo\EntityFrameworkDemo.csproj", "{C9341CA3-7D12-4D8E-9BB9-1304C1B1A93C}"
EndProject
Project("{9A19103F-16F7-4668-BE54-9A1E7A4F7556}") = "CoreWebApiEntity", "CoreWebApiEntity\CoreWebApiEntity.csproj", "{568DCD24-639C-443E-A8F0-B3742693EE0C}"
EndProject
Project("{FAE04EC0-301F-11D3-BF4B-00C04F79EFBC}") = "WebApiNetEF", "WebApiNetEF\WebApiNetEF.csproj", "{795F51C6-A1BC-4397-8A9F-3BF5F78B7E25}"
EndProject
Project("{FAE04EC0-301F-11D3-BF4B-00C04F79EFBC}") = "CodeFirstWebApi", "CodeFirstWebApi\CodeFirstWebApi.csproj", "{470CB84E-491F-45A1-81DA-3DB2F446CE91}"
EndProject
Project("{FAE04EC0-301F-11D3-BF4B-00C04F79EFBC}") = "CoreMvcDemo", "CoreMvcDemo\CoreMvcDemo.csproj", "{39139AAD-0547-4C5B-82B1-4D291CA19084}"
EndProject
Global
	GlobalSection(SolutionConfigurationPlatforms) = preSolution
		Debug|Any CPU = Debug|Any CPU
		Release|Any CPU = Release|Any CPU
	EndGlobalSection
	GlobalSection(ProjectConfigurationPlatforms) = postSolution
		{8A95A3A7-9C7D-4B01-8CD1-427AEC3DE09D}.Debug|Any CPU.ActiveCfg = Debug|Any CPU
		{8A95A3A7-9C7D-4B01-8CD1-427AEC3DE09D}.Debug|Any CPU.Build.0 = Debug|Any CPU
		{8A95A3A7-9C7D-4B01-8CD1-427AEC3DE09D}.Release|Any CPU.ActiveCfg = Release|Any CPU
		{8A95A3A7-9C7D-4B01-8CD1-427AEC3DE09D}.Release|Any CPU.Build.0 = Release|Any CPU
		{C9341CA3-7D12-4D8E-9BB9-1304C1B1A93C}.Debug|Any CPU.ActiveCfg = Debug|Any CPU
		{C9341CA3-7D12-4D8E-9BB9-1304C1B1A93C}.Debug|Any CPU.Build.0 = Debug|Any CPU
		{C9341CA3-7D12-4D8E-9BB9-1304C1B1A93C}.Release|Any CPU.ActiveCfg = Release|Any CPU
		{C9341CA3-7D12-4D8E-9BB9-1304C1B1A93C}.Release|Any CPU.Build.0 = Release|Any CPU
		{568DCD24-639C-443E-A8F0-B3742693EE0C}.Debug|Any CPU.ActiveCfg = Debug|Any CPU
		{568DCD24-639C-443E-A8F0-B3742693EE0C}.Debug|Any CPU.Build.0 = Debug|Any CPU
		{568DCD24-639C-443E-A8F0-B3742693EE0C}.Release|Any CPU.ActiveCfg = Release|Any CPU
		{568DCD24-639C-443E-A8F0-B3742693EE0C}.Release|Any CPU.Build.0 = Release|Any CPU
		{795F51C6-A1BC-4397-8A9F-3BF5F78B7E25}.Debug|Any CPU.ActiveCfg = Debug|Any CPU
		{795F51C6-A1BC-4397-8A9F-3BF5F78B7E25}.Debug|Any CPU.Build.0 = Debug|Any CPU
		{795F51C6-A1BC-4397-8A9F-3BF5F78B7E25}.Release|Any CPU.ActiveCfg = Release|Any CPU
		{795F51C6-A1BC-4397-8A9F-3BF5F78B7E25}.Release|Any CPU.Build.0 = Release|Any CPU
		{470CB84E-491F-45A1-81DA-3DB2F446CE91}.Debug|Any CPU.ActiveCfg = Debug|Any CPU
		{470CB84E-491F-45A1-81DA-3DB2F446CE91}.Debug|Any CPU.Build.0 = Debug|Any CPU
		{470CB84E-491F-45A1-81DA-3DB2F446CE91}.Release|Any CPU.ActiveCfg = Release|Any CPU
		{470CB84E-491F-45A1-81DA-3DB2F446CE91}.Release|Any CPU.Build.0 = Release|Any CPU
		{39139AAD-0547-4C5B-82B1-4D291CA19084}.Debug|Any CPU.ActiveCfg = Debug|Any CPU
		{39139AAD-0547-4C5B-82B1-4D291CA19084}.Debug|Any CPU.Build.0 = Debug|Any CPU
		{39139AAD-0547-4C5B-82B1-4D291CA19084}.Release|Any CPU.ActiveCfg = Release|Any CPU
		{39139AAD-0547-4C5B-82B1-4D291CA19084}.Release|Any CPU.Build.0 = Release|Any CPU
	EndGlobalSection
	GlobalSection(SolutionProperties) = preSolution
		HideSolutionNode = FALSE
	EndGlobalSection
	GlobalSection(ExtensibilityGlobals) = postSolution
		SolutionGuid = {929969ED-9911-4D9B-A1D0-3C80EF83D6E8}
	EndGlobalSection
EndGlobal
