
Microsoft Visual Studio Solution File, Format Version 12.00
# Visual Studio Version 16
VisualStudioVersion = 16.0.29806.167
MinimumVisualStudioVersion = 10.0.40219.1
Project("{FAE04EC0-301F-11D3-BF4B-00C04F79EFBC}") = "AspAssignment", "MyWeb\AspAssignment.csproj", "{C6677A86-BDB1-4C34-B00C-55137560DDBE}"
EndProject
Project("{FAE04EC0-301F-11D3-BF4B-00C04F79EFBC}") = "Multicast", "Multicast\Multicast.csproj", "{1538F99F-0403-48D7-89A1-280A89B13B3D}"
EndProject
Project("{FAE04EC0-301F-11D3-BF4B-00C04F79EFBC}") = "MvcDemo", "MvcDemo\MvcDemo.csproj", "{02B678EF-5A53-4F6E-9CE6-AA9C5125EDA9}"
EndProject
Project("{FAE04EC0-301F-11D3-BF4B-00C04F79EFBC}") = "Interface", "Interface\Interface.csproj", "{21161D4E-BF2A-44BE-9B36-60F1B7929DB8}"
EndProject
Project("{FAE04EC0-301F-11D3-BF4B-00C04F79EFBC}") = "AdoAssignment", "AdoAssignment\AdoAssignment.csproj", "{55A703A6-FEC5-4CEC-A475-89A8A9BBED06}"
EndProject
Project("{FAE04EC0-301F-11D3-BF4B-00C04F79EFBC}") = "WebApiPro", "WebApiPro\WebApiPro.csproj", "{B79ABDF1-2F15-4A77-AAA6-458828EB5D2E}"
EndProject
Global
	GlobalSection(SolutionConfigurationPlatforms) = preSolution
		Debug|Any CPU = Debug|Any CPU
		Release|Any CPU = Release|Any CPU
	EndGlobalSection
	GlobalSection(ProjectConfigurationPlatforms) = postSolution
		{C6677A86-BDB1-4C34-B00C-55137560DDBE}.Debug|Any CPU.ActiveCfg = Debug|Any CPU
		{C6677A86-BDB1-4C34-B00C-55137560DDBE}.Debug|Any CPU.Build.0 = Debug|Any CPU
		{C6677A86-BDB1-4C34-B00C-55137560DDBE}.Release|Any CPU.ActiveCfg = Release|Any CPU
		{C6677A86-BDB1-4C34-B00C-55137560DDBE}.Release|Any CPU.Build.0 = Release|Any CPU
		{1538F99F-0403-48D7-89A1-280A89B13B3D}.Debug|Any CPU.ActiveCfg = Debug|Any CPU
		{1538F99F-0403-48D7-89A1-280A89B13B3D}.Debug|Any CPU.Build.0 = Debug|Any CPU
		{1538F99F-0403-48D7-89A1-280A89B13B3D}.Release|Any CPU.ActiveCfg = Release|Any CPU
		{1538F99F-0403-48D7-89A1-280A89B13B3D}.Release|Any CPU.Build.0 = Release|Any CPU
		{02B678EF-5A53-4F6E-9CE6-AA9C5125EDA9}.Debug|Any CPU.ActiveCfg = Debug|Any CPU
		{02B678EF-5A53-4F6E-9CE6-AA9C5125EDA9}.Debug|Any CPU.Build.0 = Debug|Any CPU
		{02B678EF-5A53-4F6E-9CE6-AA9C5125EDA9}.Release|Any CPU.ActiveCfg = Release|Any CPU
		{02B678EF-5A53-4F6E-9CE6-AA9C5125EDA9}.Release|Any CPU.Build.0 = Release|Any CPU
		{21161D4E-BF2A-44BE-9B36-60F1B7929DB8}.Debug|Any CPU.ActiveCfg = Debug|Any CPU
		{21161D4E-BF2A-44BE-9B36-60F1B7929DB8}.Debug|Any CPU.Build.0 = Debug|Any CPU
		{21161D4E-BF2A-44BE-9B36-60F1B7929DB8}.Release|Any CPU.ActiveCfg = Release|Any CPU
		{21161D4E-BF2A-44BE-9B36-60F1B7929DB8}.Release|Any CPU.Build.0 = Release|Any CPU
		{55A703A6-FEC5-4CEC-A475-89A8A9BBED06}.Debug|Any CPU.ActiveCfg = Debug|Any CPU
		{55A703A6-FEC5-4CEC-A475-89A8A9BBED06}.Debug|Any CPU.Build.0 = Debug|Any CPU
		{55A703A6-FEC5-4CEC-A475-89A8A9BBED06}.Release|Any CPU.ActiveCfg = Release|Any CPU
		{55A703A6-FEC5-4CEC-A475-89A8A9BBED06}.Release|Any CPU.Build.0 = Release|Any CPU
		{B79ABDF1-2F15-4A77-AAA6-458828EB5D2E}.Debug|Any CPU.ActiveCfg = Debug|Any CPU
		{B79ABDF1-2F15-4A77-AAA6-458828EB5D2E}.Debug|Any CPU.Build.0 = Debug|Any CPU
		{B79ABDF1-2F15-4A77-AAA6-458828EB5D2E}.Release|Any CPU.ActiveCfg = Release|Any CPU
		{B79ABDF1-2F15-4A77-AAA6-458828EB5D2E}.Release|Any CPU.Build.0 = Release|Any CPU
	EndGlobalSection
	GlobalSection(SolutionProperties) = preSolution
		HideSolutionNode = FALSE
	EndGlobalSection
	GlobalSection(ExtensibilityGlobals) = postSolution
		SolutionGuid = {055C263A-596A-438E-A3BA-2B0072687C91}
	EndGlobalSection
EndGlobal
