
Microsoft Visual Studio Solution File, Format Version 12.00
# Visual Studio Version 16
VisualStudioVersion = 16.0.29806.167
MinimumVisualStudioVersion = 10.0.40219.1
Project("{FAE04EC0-301F-11D3-BF4B-00C04F79EFBC}") = "OopWithCsharp", "OopWithCsharp\OopWithCsharp.csproj", "{2C0627B2-583D-4623-A397-A60829D20E5F}"
EndProject
Global
	GlobalSection(SolutionConfigurationPlatforms) = preSolution
		Debug|Any CPU = Debug|Any CPU
		Release|Any CPU = Release|Any CPU
	EndGlobalSection
	GlobalSection(ProjectConfigurationPlatforms) = postSolution
		{2C0627B2-583D-4623-A397-A60829D20E5F}.Debug|Any CPU.ActiveCfg = Debug|Any CPU
		{2C0627B2-583D-4623-A397-A60829D20E5F}.Debug|Any CPU.Build.0 = Debug|Any CPU
		{2C0627B2-583D-4623-A397-A60829D20E5F}.Release|Any CPU.ActiveCfg = Release|Any CPU
		{2C0627B2-583D-4623-A397-A60829D20E5F}.Release|Any CPU.Build.0 = Release|Any CPU
	EndGlobalSection
	GlobalSection(SolutionProperties) = preSolution
		HideSolutionNode = FALSE
	EndGlobalSection
	GlobalSection(ExtensibilityGlobals) = postSolution
		SolutionGuid = {459370F8-6889-4519-9F68-822C45EF0602}
	EndGlobalSection
EndGlobal
